
Microsoft Visual Studio Solution File, Format Version 12.00
# Visual Studio Version 17
VisualStudioVersion = 17.8.34309.116
MinimumVisualStudioVersion = 10.0.40219.1
Project("{9A19103F-16F7-4668-BE54-9A1E7A4F7556}") = "Poc.ThreadSyncher.WebApp", "Poc.ThreadSyncher.WebApp\Poc.ThreadSyncher.WebApp.csproj", "{22EF8AF7-D23F-4C57-A410-740B3502979C}"
EndProject
Project("{FAE04EC0-301F-11D3-BF4B-00C04F79EFBC}") = "ThreadSyncher", "ThreadSyncher\ThreadSyncher.csproj", "{F83CD492-C90B-49FA-A30C-FE67D6E1BB76}"
EndProject
Project("{2150E333-8FDC-42A3-9474-1A3956D46DE8}") = "Éléments de solution", "Éléments de solution", "{6CBE3082-68D7-43BC-A0C0-DDA52C1D8DE6}"
	ProjectSection(SolutionItems) = preProject
		.gitignore = .gitignore
		..\.github\workflows\publish_nuget.yml = ..\.github\workflows\publish_nuget.yml
		..\version.json = ..\version.json
	EndProjectSection
EndProject
Global
	GlobalSection(SolutionConfigurationPlatforms) = preSolution
		Debug|Any CPU = Debug|Any CPU
		Release|Any CPU = Release|Any CPU
	EndGlobalSection
	GlobalSection(ProjectConfigurationPlatforms) = postSolution
		{22EF8AF7-D23F-4C57-A410-740B3502979C}.Debug|Any CPU.ActiveCfg = Debug|Any CPU
		{22EF8AF7-D23F-4C57-A410-740B3502979C}.Debug|Any CPU.Build.0 = Debug|Any CPU
		{22EF8AF7-D23F-4C57-A410-740B3502979C}.Release|Any CPU.ActiveCfg = Release|Any CPU
		{22EF8AF7-D23F-4C57-A410-740B3502979C}.Release|Any CPU.Build.0 = Release|Any CPU
		{F83CD492-C90B-49FA-A30C-FE67D6E1BB76}.Debug|Any CPU.ActiveCfg = Debug|Any CPU
		{F83CD492-C90B-49FA-A30C-FE67D6E1BB76}.Debug|Any CPU.Build.0 = Debug|Any CPU
		{F83CD492-C90B-49FA-A30C-FE67D6E1BB76}.Release|Any CPU.ActiveCfg = Release|Any CPU
		{F83CD492-C90B-49FA-A30C-FE67D6E1BB76}.Release|Any CPU.Build.0 = Release|Any CPU
	EndGlobalSection
	GlobalSection(SolutionProperties) = preSolution
		HideSolutionNode = FALSE
	EndGlobalSection
	GlobalSection(ExtensibilityGlobals) = postSolution
		SolutionGuid = {A56D010C-BF95-4D41-BDAB-06DB3006CF79}
	EndGlobalSection
EndGlobal
